
Microsoft Visual Studio Solution File, Format Version 12.00
# Visual Studio Version 16
VisualStudioVersion = 16.0.31321.278
MinimumVisualStudioVersion = 10.0.40219.1
Project("{FAE04EC0-301F-11D3-BF4B-00C04F79EFBC}") = "ABC_APP", "ABC_APP\ABC_APP.csproj", "{D83EF172-7013-4975-8956-0159A0922BFB}"
EndProject
Global
	GlobalSection(SolutionConfigurationPlatforms) = preSolution
		Debug|Any CPU = Debug|Any CPU
		Release|Any CPU = Release|Any CPU
	EndGlobalSection
	GlobalSection(ProjectConfigurationPlatforms) = postSolution
		{D83EF172-7013-4975-8956-0159A0922BFB}.Debug|Any CPU.ActiveCfg = Debug|Any CPU
		{D83EF172-7013-4975-8956-0159A0922BFB}.Debug|Any CPU.Build.0 = Debug|Any CPU
		{D83EF172-7013-4975-8956-0159A0922BFB}.Release|Any CPU.ActiveCfg = Release|Any CPU
		{D83EF172-7013-4975-8956-0159A0922BFB}.Release|Any CPU.Build.0 = Release|Any CPU
	EndGlobalSection
	GlobalSection(SolutionProperties) = preSolution
		HideSolutionNode = FALSE
	EndGlobalSection
	GlobalSection(ExtensibilityGlobals) = postSolution
		SolutionGuid = {DC3410A2-6B86-4763-BA1F-956F6372AA9B}
	EndGlobalSection
EndGlobal
